// !$*UTF8*$!
{
	archiveVersion = 1;
	classes = {
	};
	objectVersion = 50;
	objects = {

/* Begin PBXBuildFile section */
		E504902726D3CF8A00A59084 /* ChatViewModel.swift in Sources */ = {isa = PBXBuildFile; fileRef = E504902626D3CF8A00A59084 /* ChatViewModel.swift */; };
		E548A0C826C809580043C121 /* ChatBubble.swift in Sources */ = {isa = PBXBuildFile; fileRef = E548A0C726C809580043C121 /* ChatBubble.swift */; };
		E548A0CA26C80B880043C121 /* MessageView.swift in Sources */ = {isa = PBXBuildFile; fileRef = E548A0C926C80B880043C121 /* MessageView.swift */; };
		E548A0CC26C8119A0043C121 /* CustomInputView.swift in Sources */ = {isa = PBXBuildFile; fileRef = E548A0CB26C8119A0043C121 /* CustomInputView.swift */; };
		E548A0CE26C816A90043C121 /* Message.swift in Sources */ = {isa = PBXBuildFile; fileRef = E548A0CD26C816A90043C121 /* Message.swift */; };
		E5716E932699C0B000789633 /* CustomTextField.swift in Sources */ = {isa = PBXBuildFile; fileRef = E5716E922699C0B000789633 /* CustomTextField.swift */; };
		E5716E962699CE8900789633 /* MainTabView.swift in Sources */ = {isa = PBXBuildFile; fileRef = E5716E952699CE8900789633 /* MainTabView.swift */; };
		E5716E9B2699D07200789633 /* ChannelsView.swift in Sources */ = {isa = PBXBuildFile; fileRef = E5716E9A2699D07200789633 /* ChannelsView.swift */; };
		E5716E9D2699D0A900789633 /* SettingsView.swift in Sources */ = {isa = PBXBuildFile; fileRef = E5716E9C2699D0A900789633 /* SettingsView.swift */; };
		E5716E9F2699D0B200789633 /* ChatView.swift in Sources */ = {isa = PBXBuildFile; fileRef = E5716E9E2699D0B200789633 /* ChatView.swift */; };
		E5716EA32699D13A00789633 /* ConversationsView.swift in Sources */ = {isa = PBXBuildFile; fileRef = E5716EA22699D13A00789633 /* ConversationsView.swift */; };
		E5716EA52699DA2700789633 /* SettingsHeaderView.swift in Sources */ = {isa = PBXBuildFile; fileRef = E5716EA42699DA2700789633 /* SettingsHeaderView.swift */; };
		E5716EA72699DAEF00789633 /* SettingsCell.swift in Sources */ = {isa = PBXBuildFile; fileRef = E5716EA62699DAEF00789633 /* SettingsCell.swift */; };
		E59572B926B6ABD0003FE5CC /* ImagePicker.swift in Sources */ = {isa = PBXBuildFile; fileRef = E59572B826B6ABD0003FE5CC /* ImagePicker.swift */; };
		E59572BB26B6D203003FE5CC /* ConverstationCell.swift in Sources */ = {isa = PBXBuildFile; fileRef = E59572BA26B6D203003FE5CC /* ConverstationCell.swift */; };
		E59572BD26B6D715003FE5CC /* NewMessageView.swift in Sources */ = {isa = PBXBuildFile; fileRef = E59572BC26B6D715003FE5CC /* NewMessageView.swift */; };
		E59572BF26B6D733003FE5CC /* UserCell.swift in Sources */ = {isa = PBXBuildFile; fileRef = E59572BE26B6D733003FE5CC /* UserCell.swift */; };
		E59974D9269AEE230096C96E /* SettingsCellViewModel.swift in Sources */ = {isa = PBXBuildFile; fileRef = E59974D8269AEE230096C96E /* SettingsCellViewModel.swift */; };
		E5BDA69326A457DD00B241C5 /* StatusSelectorView.swift in Sources */ = {isa = PBXBuildFile; fileRef = E5BDA69226A457DD00B241C5 /* StatusSelectorView.swift */; };
		E5BDA69526A46A0800B241C5 /* StatusViewModel.swift in Sources */ = {isa = PBXBuildFile; fileRef = E5BDA69426A46A0800B241C5 /* StatusViewModel.swift */; };
		E5DF6D2C269AF48C00C4D112 /* EditProfileView.swift in Sources */ = {isa = PBXBuildFile; fileRef = E5DF6D2B269AF48C00C4D112 /* EditProfileView.swift */; };
		E5E7769226C800D100A3E1AB /* SearchBar.swift in Sources */ = {isa = PBXBuildFile; fileRef = E5E7769126C800D100A3E1AB /* SearchBar.swift */; };
		E5E7769426C806B600A3E1AB /* Extension.swift in Sources */ = {isa = PBXBuildFile; fileRef = E5E7769326C806B600A3E1AB /* Extension.swift */; };
		E5F552CF2693483B004149BF /* ChatAppApp.swift in Sources */ = {isa = PBXBuildFile; fileRef = E5F552CE2693483B004149BF /* ChatAppApp.swift */; };
		E5F552D12693483B004149BF /* ContentView.swift in Sources */ = {isa = PBXBuildFile; fileRef = E5F552D02693483B004149BF /* ContentView.swift */; };
		E5F552D32693483C004149BF /* Assets.xcassets in Resources */ = {isa = PBXBuildFile; fileRef = E5F552D22693483C004149BF /* Assets.xcassets */; };
		E5F552D62693483C004149BF /* Preview Assets.xcassets in Resources */ = {isa = PBXBuildFile; fileRef = E5F552D52693483C004149BF /* Preview Assets.xcassets */; };
		E5F552E12693483C004149BF /* ChatAppTests.swift in Sources */ = {isa = PBXBuildFile; fileRef = E5F552E02693483C004149BF /* ChatAppTests.swift */; };
		E5F552EC2693483C004149BF /* ChatAppUITests.swift in Sources */ = {isa = PBXBuildFile; fileRef = E5F552EB2693483C004149BF /* ChatAppUITests.swift */; };
		E5F5530026934996004149BF /* LoginView.swift in Sources */ = {isa = PBXBuildFile; fileRef = E5F552FF26934996004149BF /* LoginView.swift */; };
		E5F55302269349AE004149BF /* RegistrationView.swift in Sources */ = {isa = PBXBuildFile; fileRef = E5F55301269349AE004149BF /* RegistrationView.swift */; };
/* End PBXBuildFile section */

/* Begin PBXContainerItemProxy section */
		E5F552DD2693483C004149BF /* PBXContainerItemProxy */ = {
			isa = PBXContainerItemProxy;
			containerPortal = E5F552C32693483B004149BF /* Project object */;
			proxyType = 1;
			remoteGlobalIDString = E5F552CA2693483B004149BF;
			remoteInfo = ChatApp;
		};
		E5F552E82693483C004149BF /* PBXContainerItemProxy */ = {
			isa = PBXContainerItemProxy;
			containerPortal = E5F552C32693483B004149BF /* Project object */;
			proxyType = 1;
			remoteGlobalIDString = E5F552CA2693483B004149BF;
			remoteInfo = ChatApp;
		};
/* End PBXContainerItemProxy section */

/* Begin PBXFileReference section */
		E504902626D3CF8A00A59084 /* ChatViewModel.swift */ = {isa = PBXFileReference; lastKnownFileType = sourcecode.swift; path = ChatViewModel.swift; sourceTree = "<group>"; };
		E548A0C726C809580043C121 /* ChatBubble.swift */ = {isa = PBXFileReference; lastKnownFileType = sourcecode.swift; path = ChatBubble.swift; sourceTree = "<group>"; };
		E548A0C926C80B880043C121 /* MessageView.swift */ = {isa = PBXFileReference; lastKnownFileType = sourcecode.swift; path = MessageView.swift; sourceTree = "<group>"; };
		E548A0CB26C8119A0043C121 /* CustomInputView.swift */ = {isa = PBXFileReference; lastKnownFileType = sourcecode.swift; path = CustomInputView.swift; sourceTree = "<group>"; };
		E548A0CD26C816A90043C121 /* Message.swift */ = {isa = PBXFileReference; lastKnownFileType = sourcecode.swift; path = Message.swift; sourceTree = "<group>"; };
		E5716E922699C0B000789633 /* CustomTextField.swift */ = {isa = PBXFileReference; lastKnownFileType = sourcecode.swift; path = CustomTextField.swift; sourceTree = "<group>"; };
		E5716E952699CE8900789633 /* MainTabView.swift */ = {isa = PBXFileReference; lastKnownFileType = sourcecode.swift; path = MainTabView.swift; sourceTree = "<group>"; };
		E5716E9A2699D07200789633 /* ChannelsView.swift */ = {isa = PBXFileReference; lastKnownFileType = sourcecode.swift; path = ChannelsView.swift; sourceTree = "<group>"; };
		E5716E9C2699D0A900789633 /* SettingsView.swift */ = {isa = PBXFileReference; lastKnownFileType = sourcecode.swift; path = SettingsView.swift; sourceTree = "<group>"; };
		E5716E9E2699D0B200789633 /* ChatView.swift */ = {isa = PBXFileReference; lastKnownFileType = sourcecode.swift; path = ChatView.swift; sourceTree = "<group>"; };
		E5716EA22699D13A00789633 /* ConversationsView.swift */ = {isa = PBXFileReference; lastKnownFileType = sourcecode.swift; path = ConversationsView.swift; sourceTree = "<group>"; };
		E5716EA42699DA2700789633 /* SettingsHeaderView.swift */ = {isa = PBXFileReference; lastKnownFileType = sourcecode.swift; path = SettingsHeaderView.swift; sourceTree = "<group>"; };
		E5716EA62699DAEF00789633 /* SettingsCell.swift */ = {isa = PBXFileReference; lastKnownFileType = sourcecode.swift; path = SettingsCell.swift; sourceTree = "<group>"; };
		E59572B826B6ABD0003FE5CC /* ImagePicker.swift */ = {isa = PBXFileReference; lastKnownFileType = sourcecode.swift; path = ImagePicker.swift; sourceTree = "<group>"; };
		E59572BA26B6D203003FE5CC /* ConverstationCell.swift */ = {isa = PBXFileReference; lastKnownFileType = sourcecode.swift; path = ConverstationCell.swift; sourceTree = "<group>"; };
		E59572BC26B6D715003FE5CC /* NewMessageView.swift */ = {isa = PBXFileReference; lastKnownFileType = sourcecode.swift; path = NewMessageView.swift; sourceTree = "<group>"; };
		E59572BE26B6D733003FE5CC /* UserCell.swift */ = {isa = PBXFileReference; lastKnownFileType = sourcecode.swift; path = UserCell.swift; sourceTree = "<group>"; };
		E59974D8269AEE230096C96E /* SettingsCellViewModel.swift */ = {isa = PBXFileReference; lastKnownFileType = sourcecode.swift; path = SettingsCellViewModel.swift; sourceTree = "<group>"; };
		E5BDA69226A457DD00B241C5 /* StatusSelectorView.swift */ = {isa = PBXFileReference; lastKnownFileType = sourcecode.swift; path = StatusSelectorView.swift; sourceTree = "<group>"; };
		E5BDA69426A46A0800B241C5 /* StatusViewModel.swift */ = {isa = PBXFileReference; lastKnownFileType = sourcecode.swift; path = StatusViewModel.swift; sourceTree = "<group>"; };
		E5DF6D2B269AF48C00C4D112 /* EditProfileView.swift */ = {isa = PBXFileReference; lastKnownFileType = sourcecode.swift; path = EditProfileView.swift; sourceTree = "<group>"; };
		E5E7769126C800D100A3E1AB /* SearchBar.swift */ = {isa = PBXFileReference; lastKnownFileType = sourcecode.swift; path = SearchBar.swift; sourceTree = "<group>"; };
		E5E7769326C806B600A3E1AB /* Extension.swift */ = {isa = PBXFileReference; lastKnownFileType = sourcecode.swift; path = Extension.swift; sourceTree = "<group>"; };
		E5F552CB2693483B004149BF /* ChatApp.app */ = {isa = PBXFileReference; explicitFileType = wrapper.application; includeInIndex = 0; path = ChatApp.app; sourceTree = BUILT_PRODUCTS_DIR; };
		E5F552CE2693483B004149BF /* ChatAppApp.swift */ = {isa = PBXFileReference; lastKnownFileType = sourcecode.swift; path = ChatAppApp.swift; sourceTree = "<group>"; };
		E5F552D02693483B004149BF /* ContentView.swift */ = {isa = PBXFileReference; lastKnownFileType = sourcecode.swift; path = ContentView.swift; sourceTree = "<group>"; };
		E5F552D22693483C004149BF /* Assets.xcassets */ = {isa = PBXFileReference; lastKnownFileType = folder.assetcatalog; path = Assets.xcassets; sourceTree = "<group>"; };
		E5F552D52693483C004149BF /* Preview Assets.xcassets */ = {isa = PBXFileReference; lastKnownFileType = folder.assetcatalog; path = "Preview Assets.xcassets"; sourceTree = "<group>"; };
		E5F552D72693483C004149BF /* Info.plist */ = {isa = PBXFileReference; lastKnownFileType = text.plist.xml; path = Info.plist; sourceTree = "<group>"; };
		E5F552DC2693483C004149BF /* ChatAppTests.xctest */ = {isa = PBXFileReference; explicitFileType = wrapper.cfbundle; includeInIndex = 0; path = ChatAppTests.xctest; sourceTree = BUILT_PRODUCTS_DIR; };
		E5F552E02693483C004149BF /* ChatAppTests.swift */ = {isa = PBXFileReference; lastKnownFileType = sourcecode.swift; path = ChatAppTests.swift; sourceTree = "<group>"; };
		E5F552E22693483C004149BF /* Info.plist */ = {isa = PBXFileReference; lastKnownFileType = text.plist.xml; path = Info.plist; sourceTree = "<group>"; };
		E5F552E72693483C004149BF /* ChatAppUITests.xctest */ = {isa = PBXFileReference; explicitFileType = wrapper.cfbundle; includeInIndex = 0; path = ChatAppUITests.xctest; sourceTree = BUILT_PRODUCTS_DIR; };
		E5F552EB2693483C004149BF /* ChatAppUITests.swift */ = {isa = PBXFileReference; lastKnownFileType = sourcecode.swift; path = ChatAppUITests.swift; sourceTree = "<group>"; };
		E5F552ED2693483C004149BF /* Info.plist */ = {isa = PBXFileReference; lastKnownFileType = text.plist.xml; path = Info.plist; sourceTree = "<group>"; };
		E5F552FF26934996004149BF /* LoginView.swift */ = {isa = PBXFileReference; lastKnownFileType = sourcecode.swift; path = LoginView.swift; sourceTree = "<group>"; };
		E5F55301269349AE004149BF /* RegistrationView.swift */ = {isa = PBXFileReference; lastKnownFileType = sourcecode.swift; path = RegistrationView.swift; sourceTree = "<group>"; };
/* End PBXFileReference section */

/* Begin PBXFrameworksBuildPhase section */
		E5F552C82693483B004149BF /* Frameworks */ = {
			isa = PBXFrameworksBuildPhase;
			buildActionMask = 2147483647;
			files = (
			);
			runOnlyForDeploymentPostprocessing = 0;
		};
		E5F552D92693483C004149BF /* Frameworks */ = {
			isa = PBXFrameworksBuildPhase;
			buildActionMask = 2147483647;
			files = (
			);
			runOnlyForDeploymentPostprocessing = 0;
		};
		E5F552E42693483C004149BF /* Frameworks */ = {
			isa = PBXFrameworksBuildPhase;
			buildActionMask = 2147483647;
			files = (
			);
			runOnlyForDeploymentPostprocessing = 0;
		};
/* End PBXFrameworksBuildPhase section */

/* Begin PBXGroup section */
		E5716E942699CE7100789633 /* Main */ = {
			isa = PBXGroup;
			children = (
				E5716E952699CE8900789633 /* MainTabView.swift */,
			);
			path = Main;
			sourceTree = "<group>";
		};
		E5716E972699D03800789633 /* Chats */ = {
			isa = PBXGroup;
			children = (
				E5716E9E2699D0B200789633 /* ChatView.swift */,
				E548A0C726C809580043C121 /* ChatBubble.swift */,
				E548A0C926C80B880043C121 /* MessageView.swift */,
				E548A0CB26C8119A0043C121 /* CustomInputView.swift */,
			);
			path = Chats;
			sourceTree = "<group>";
		};
		E5716E982699D04B00789633 /* Settings */ = {
			isa = PBXGroup;
			children = (
				E5716E9C2699D0A900789633 /* SettingsView.swift */,
				E5716EA42699DA2700789633 /* SettingsHeaderView.swift */,
				E5716EA62699DAEF00789633 /* SettingsCell.swift */,
				E5DF6D2B269AF48C00C4D112 /* EditProfileView.swift */,
				E5BDA69226A457DD00B241C5 /* StatusSelectorView.swift */,
			);
			path = Settings;
			sourceTree = "<group>";
		};
		E5716E992699D05700789633 /* Channels */ = {
			isa = PBXGroup;
			children = (
				E5716E9A2699D07200789633 /* ChannelsView.swift */,
			);
			path = Channels;
			sourceTree = "<group>";
		};
		E5716EA12699D12200789633 /* Conversations */ = {
			isa = PBXGroup;
			children = (
				E5716EA22699D13A00789633 /* ConversationsView.swift */,
				E59572BA26B6D203003FE5CC /* ConverstationCell.swift */,
				E59572BC26B6D715003FE5CC /* NewMessageView.swift */,
				E59572BE26B6D733003FE5CC /* UserCell.swift */,
			);
			path = Conversations;
			sourceTree = "<group>";
		};
		E5F552C22693483B004149BF = {
			isa = PBXGroup;
			children = (
				E5F552CD2693483B004149BF /* ChatApp */,
				E5F552DF2693483C004149BF /* ChatAppTests */,
				E5F552EA2693483C004149BF /* ChatAppUITests */,
				E5F552CC2693483B004149BF /* Products */,
			);
			sourceTree = "<group>";
		};
		E5F552CC2693483B004149BF /* Products */ = {
			isa = PBXGroup;
			children = (
				E5F552CB2693483B004149BF /* ChatApp.app */,
				E5F552DC2693483C004149BF /* ChatAppTests.xctest */,
				E5F552E72693483C004149BF /* ChatAppUITests.xctest */,
			);
			name = Products;
			sourceTree = "<group>";
		};
		E5F552CD2693483B004149BF /* ChatApp */ = {
			isa = PBXGroup;
			children = (
				E5F552F926934874004149BF /* Model */,
				E5F552FA2693487D004149BF /* View */,
				E5F552FC26934887004149BF /* ViewModel */,
				E5F552FD2693488E004149BF /* Utils */,
				E5F552FB26934881004149BF /* API */,
				E5F552CE2693483B004149BF /* ChatAppApp.swift */,
				E5F552D02693483B004149BF /* ContentView.swift */,
				E5F552D22693483C004149BF /* Assets.xcassets */,
				E5F552D72693483C004149BF /* Info.plist */,
				E5F552D42693483C004149BF /* Preview Content */,
			);
			path = ChatApp;
			sourceTree = "<group>";
		};
		E5F552D42693483C004149BF /* Preview Content */ = {
			isa = PBXGroup;
			children = (
				E5F552D52693483C004149BF /* Preview Assets.xcassets */,
			);
			path = "Preview Content";
			sourceTree = "<group>";
		};
		E5F552DF2693483C004149BF /* ChatAppTests */ = {
			isa = PBXGroup;
			children = (
				E5F552E02693483C004149BF /* ChatAppTests.swift */,
				E5F552E22693483C004149BF /* Info.plist */,
			);
			path = ChatAppTests;
			sourceTree = "<group>";
		};
		E5F552EA2693483C004149BF /* ChatAppUITests */ = {
			isa = PBXGroup;
			children = (
				E5F552EB2693483C004149BF /* ChatAppUITests.swift */,
				E5F552ED2693483C004149BF /* Info.plist */,
			);
			path = ChatAppUITests;
			sourceTree = "<group>";
		};
		E5F552F926934874004149BF /* Model */ = {
			isa = PBXGroup;
			children = (
				E548A0CD26C816A90043C121 /* Message.swift */,
			);
			path = Model;
			sourceTree = "<group>";
		};
		E5F552FA2693487D004149BF /* View */ = {
			isa = PBXGroup;
			children = (
				E5716EA12699D12200789633 /* Conversations */,
				E5716E992699D05700789633 /* Channels */,
				E5716E982699D04B00789633 /* Settings */,
				E5716E972699D03800789633 /* Chats */,
				E5716E942699CE7100789633 /* Main */,
				E5F552FE26934967004149BF /* Authentication */,
			);
			path = View;
			sourceTree = "<group>";
		};
		E5F552FB26934881004149BF /* API */ = {
			isa = PBXGroup;
			children = (
			);
			path = API;
			sourceTree = "<group>";
		};
		E5F552FC26934887004149BF /* ViewModel */ = {
			isa = PBXGroup;
			children = (
				E59974D8269AEE230096C96E /* SettingsCellViewModel.swift */,
				E5BDA69426A46A0800B241C5 /* StatusViewModel.swift */,
				E504902626D3CF8A00A59084 /* ChatViewModel.swift */,
			);
			path = ViewModel;
			sourceTree = "<group>";
		};
		E5F552FD2693488E004149BF /* Utils */ = {
			isa = PBXGroup;
			children = (
				E59572B826B6ABD0003FE5CC /* ImagePicker.swift */,
				E5716E922699C0B000789633 /* CustomTextField.swift */,
				E5E7769126C800D100A3E1AB /* SearchBar.swift */,
				E5E7769326C806B600A3E1AB /* Extension.swift */,
			);
			path = Utils;
			sourceTree = "<group>";
		};
		E5F552FE26934967004149BF /* Authentication */ = {
			isa = PBXGroup;
			children = (
				E5F552FF26934996004149BF /* LoginView.swift */,
				E5F55301269349AE004149BF /* RegistrationView.swift */,
			);
			path = Authentication;
			sourceTree = "<group>";
		};
/* End PBXGroup section */

/* Begin PBXNativeTarget section */
		E5F552CA2693483B004149BF /* ChatApp */ = {
			isa = PBXNativeTarget;
			buildConfigurationList = E5F552F02693483C004149BF /* Build configuration list for PBXNativeTarget "ChatApp" */;
			buildPhases = (
				E5F552C72693483B004149BF /* Sources */,
				E5F552C82693483B004149BF /* Frameworks */,
				E5F552C92693483B004149BF /* Resources */,
			);
			buildRules = (
			);
			dependencies = (
			);
			name = ChatApp;
			productName = ChatApp;
			productReference = E5F552CB2693483B004149BF /* ChatApp.app */;
			productType = "com.apple.product-type.application";
		};
		E5F552DB2693483C004149BF /* ChatAppTests */ = {
			isa = PBXNativeTarget;
			buildConfigurationList = E5F552F32693483C004149BF /* Build configuration list for PBXNativeTarget "ChatAppTests" */;
			buildPhases = (
				E5F552D82693483C004149BF /* Sources */,
				E5F552D92693483C004149BF /* Frameworks */,
				E5F552DA2693483C004149BF /* Resources */,
			);
			buildRules = (
			);
			dependencies = (
				E5F552DE2693483C004149BF /* PBXTargetDependency */,
			);
			name = ChatAppTests;
			productName = ChatAppTests;
			productReference = E5F552DC2693483C004149BF /* ChatAppTests.xctest */;
			productType = "com.apple.product-type.bundle.unit-test";
		};
		E5F552E62693483C004149BF /* ChatAppUITests */ = {
			isa = PBXNativeTarget;
			buildConfigurationList = E5F552F62693483C004149BF /* Build configuration list for PBXNativeTarget "ChatAppUITests" */;
			buildPhases = (
				E5F552E32693483C004149BF /* Sources */,
				E5F552E42693483C004149BF /* Frameworks */,
				E5F552E52693483C004149BF /* Resources */,
			);
			buildRules = (
			);
			dependencies = (
				E5F552E92693483C004149BF /* PBXTargetDependency */,
			);
			name = ChatAppUITests;
			productName = ChatAppUITests;
			productReference = E5F552E72693483C004149BF /* ChatAppUITests.xctest */;
			productType = "com.apple.product-type.bundle.ui-testing";
		};
/* End PBXNativeTarget section */

/* Begin PBXProject section */
		E5F552C32693483B004149BF /* Project object */ = {
			isa = PBXProject;
			attributes = {
				LastSwiftUpdateCheck = 1250;
				LastUpgradeCheck = 1250;
				TargetAttributes = {
					E5F552CA2693483B004149BF = {
						CreatedOnToolsVersion = 12.5;
					};
					E5F552DB2693483C004149BF = {
						CreatedOnToolsVersion = 12.5;
						TestTargetID = E5F552CA2693483B004149BF;
					};
					E5F552E62693483C004149BF = {
						CreatedOnToolsVersion = 12.5;
						TestTargetID = E5F552CA2693483B004149BF;
					};
				};
			};
			buildConfigurationList = E5F552C62693483B004149BF /* Build configuration list for PBXProject "ChatApp" */;
			compatibilityVersion = "Xcode 9.3";
			developmentRegion = en;
			hasScannedForEncodings = 0;
			knownRegions = (
				en,
				Base,
			);
			mainGroup = E5F552C22693483B004149BF;
			productRefGroup = E5F552CC2693483B004149BF /* Products */;
			projectDirPath = "";
			projectRoot = "";
			targets = (
				E5F552CA2693483B004149BF /* ChatApp */,
				E5F552DB2693483C004149BF /* ChatAppTests */,
				E5F552E62693483C004149BF /* ChatAppUITests */,
			);
		};
/* End PBXProject section */

/* Begin PBXResourcesBuildPhase section */
		E5F552C92693483B004149BF /* Resources */ = {
			isa = PBXResourcesBuildPhase;
			buildActionMask = 2147483647;
			files = (
				E5F552D62693483C004149BF /* Preview Assets.xcassets in Resources */,
				E5F552D32693483C004149BF /* Assets.xcassets in Resources */,
			);
			runOnlyForDeploymentPostprocessing = 0;
		};
		E5F552DA2693483C004149BF /* Resources */ = {
			isa = PBXResourcesBuildPhase;
			buildActionMask = 2147483647;
			files = (
			);
			runOnlyForDeploymentPostprocessing = 0;
		};
		E5F552E52693483C004149BF /* Resources */ = {
			isa = PBXResourcesBuildPhase;
			buildActionMask = 2147483647;
			files = (
			);
			runOnlyForDeploymentPostprocessing = 0;
		};
/* End PBXResourcesBuildPhase section */

/* Begin PBXSourcesBuildPhase section */
		E5F552C72693483B004149BF /* Sources */ = {
			isa = PBXSourcesBuildPhase;
			buildActionMask = 2147483647;
			files = (
				E5BDA69526A46A0800B241C5 /* StatusViewModel.swift in Sources */,
				E5DF6D2C269AF48C00C4D112 /* EditProfileView.swift in Sources */,
				E59572BD26B6D715003FE5CC /* NewMessageView.swift in Sources */,
				E548A0CE26C816A90043C121 /* Message.swift in Sources */,
				E5BDA69326A457DD00B241C5 /* StatusSelectorView.swift in Sources */,
				E59572B926B6ABD0003FE5CC /* ImagePicker.swift in Sources */,
				E5716EA52699DA2700789633 /* SettingsHeaderView.swift in Sources */,
				E5F5530026934996004149BF /* LoginView.swift in Sources */,
				E59974D9269AEE230096C96E /* SettingsCellViewModel.swift in Sources */,
				E59572BF26B6D733003FE5CC /* UserCell.swift in Sources */,
				E548A0C826C809580043C121 /* ChatBubble.swift in Sources */,
				E5716EA72699DAEF00789633 /* SettingsCell.swift in Sources */,
				E504902726D3CF8A00A59084 /* ChatViewModel.swift in Sources */,
				E5716E9D2699D0A900789633 /* SettingsView.swift in Sources */,
				E548A0CA26C80B880043C121 /* MessageView.swift in Sources */,
				E5716E9B2699D07200789633 /* ChannelsView.swift in Sources */,
				E5716EA32699D13A00789633 /* ConversationsView.swift in Sources */,
				E5F552D12693483B004149BF /* ContentView.swift in Sources */,
				E5E7769226C800D100A3E1AB /* SearchBar.swift in Sources */,
				E5E7769426C806B600A3E1AB /* Extension.swift in Sources */,
				E548A0CC26C8119A0043C121 /* CustomInputView.swift in Sources */,
				E5F552CF2693483B004149BF /* ChatAppApp.swift in Sources */,
				E5F55302269349AE004149BF /* RegistrationView.swift in Sources */,
				E59572BB26B6D203003FE5CC /* ConverstationCell.swift in Sources */,
				E5716E9F2699D0B200789633 /* ChatView.swift in Sources */,
				E5716E932699C0B000789633 /* CustomTextField.swift in Sources */,
				E5716E962699CE8900789633 /* MainTabView.swift in Sources */,
			);
			runOnlyForDeploymentPostprocessing = 0;
		};
		E5F552D82693483C004149BF /* Sources */ = {
			isa = PBXSourcesBuildPhase;
			buildActionMask = 2147483647;
			files = (
				E5F552E12693483C004149BF /* ChatAppTests.swift in Sources */,
			);
			runOnlyForDeploymentPostprocessing = 0;
		};
		E5F552E32693483C004149BF /* Sources */ = {
			isa = PBXSourcesBuildPhase;
			buildActionMask = 2147483647;
			files = (
				E5F552EC2693483C004149BF /* ChatAppUITests.swift in Sources */,
			);
			runOnlyForDeploymentPostprocessing = 0;
		};
/* End PBXSourcesBuildPhase section */

/* Begin PBXTargetDependency section */
		E5F552DE2693483C004149BF /* PBXTargetDependency */ = {
			isa = PBXTargetDependency;
			target = E5F552CA2693483B004149BF /* ChatApp */;
			targetProxy = E5F552DD2693483C004149BF /* PBXContainerItemProxy */;
		};
		E5F552E92693483C004149BF /* PBXTargetDependency */ = {
			isa = PBXTargetDependency;
			target = E5F552CA2693483B004149BF /* ChatApp */;
			targetProxy = E5F552E82693483C004149BF /* PBXContainerItemProxy */;
		};
/* End PBXTargetDependency section */

/* Begin XCBuildConfiguration section */
		E5F552EE2693483C004149BF /* Debug */ = {
			isa = XCBuildConfiguration;
			buildSettings = {
				ALWAYS_SEARCH_USER_PATHS = NO;
				CLANG_ANALYZER_NONNULL = YES;
				CLANG_ANALYZER_NUMBER_OBJECT_CONVERSION = YES_AGGRESSIVE;
				CLANG_CXX_LANGUAGE_STANDARD = "gnu++14";
				CLANG_CXX_LIBRARY = "libc++";
				CLANG_ENABLE_MODULES = YES;
				CLANG_ENABLE_OBJC_ARC = YES;
				CLANG_ENABLE_OBJC_WEAK = YES;
				CLANG_WARN_BLOCK_CAPTURE_AUTORELEASING = YES;
				CLANG_WARN_BOOL_CONVERSION = YES;
				CLANG_WARN_COMMA = YES;
				CLANG_WARN_CONSTANT_CONVERSION = YES;
				CLANG_WARN_DEPRECATED_OBJC_IMPLEMENTATIONS = YES;
				CLANG_WARN_DIRECT_OBJC_ISA_USAGE = YES_ERROR;
				CLANG_WARN_DOCUMENTATION_COMMENTS = YES;
				CLANG_WARN_EMPTY_BODY = YES;
				CLANG_WARN_ENUM_CONVERSION = YES;
				CLANG_WARN_INFINITE_RECURSION = YES;
				CLANG_WARN_INT_CONVERSION = YES;
				CLANG_WARN_NON_LITERAL_NULL_CONVERSION = YES;
				CLANG_WARN_OBJC_IMPLICIT_RETAIN_SELF = YES;
				CLANG_WARN_OBJC_LITERAL_CONVERSION = YES;
				CLANG_WARN_OBJC_ROOT_CLASS = YES_ERROR;
				CLANG_WARN_QUOTED_INCLUDE_IN_FRAMEWORK_HEADER = YES;
				CLANG_WARN_RANGE_LOOP_ANALYSIS = YES;
				CLANG_WARN_STRICT_PROTOTYPES = YES;
				CLANG_WARN_SUSPICIOUS_MOVE = YES;
				CLANG_WARN_UNGUARDED_AVAILABILITY = YES_AGGRESSIVE;
				CLANG_WARN_UNREACHABLE_CODE = YES;
				CLANG_WARN__DUPLICATE_METHOD_MATCH = YES;
				COPY_PHASE_STRIP = NO;
				DEBUG_INFORMATION_FORMAT = dwarf;
				ENABLE_STRICT_OBJC_MSGSEND = YES;
				ENABLE_TESTABILITY = YES;
				GCC_C_LANGUAGE_STANDARD = gnu11;
				GCC_DYNAMIC_NO_PIC = NO;
				GCC_NO_COMMON_BLOCKS = YES;
				GCC_OPTIMIZATION_LEVEL = 0;
				GCC_PREPROCESSOR_DEFINITIONS = (
					"DEBUG=1",
					"$(inherited)",
				);
				GCC_WARN_64_TO_32_BIT_CONVERSION = YES;
				GCC_WARN_ABOUT_RETURN_TYPE = YES_ERROR;
				GCC_WARN_UNDECLARED_SELECTOR = YES;
				GCC_WARN_UNINITIALIZED_AUTOS = YES_AGGRESSIVE;
				GCC_WARN_UNUSED_FUNCTION = YES;
				GCC_WARN_UNUSED_VARIABLE = YES;
				IPHONEOS_DEPLOYMENT_TARGET = 14.5;
				MTL_ENABLE_DEBUG_INFO = INCLUDE_SOURCE;
				MTL_FAST_MATH = YES;
				ONLY_ACTIVE_ARCH = YES;
				SDKROOT = iphoneos;
				SWIFT_ACTIVE_COMPILATION_CONDITIONS = DEBUG;
				SWIFT_OPTIMIZATION_LEVEL = "-Onone";
			};
			name = Debug;
		};
		E5F552EF2693483C004149BF /* Release */ = {
			isa = XCBuildConfiguration;
			buildSettings = {
				ALWAYS_SEARCH_USER_PATHS = NO;
				CLANG_ANALYZER_NONNULL = YES;
				CLANG_ANALYZER_NUMBER_OBJECT_CONVERSION = YES_AGGRESSIVE;
				CLANG_CXX_LANGUAGE_STANDARD = "gnu++14";
				CLANG_CXX_LIBRARY = "libc++";
				CLANG_ENABLE_MODULES = YES;
				CLANG_ENABLE_OBJC_ARC = YES;
				CLANG_ENABLE_OBJC_WEAK = YES;
				CLANG_WARN_BLOCK_CAPTURE_AUTORELEASING = YES;
				CLANG_WARN_BOOL_CONVERSION = YES;
				CLANG_WARN_COMMA = YES;
				CLANG_WARN_CONSTANT_CONVERSION = YES;
				CLANG_WARN_DEPRECATED_OBJC_IMPLEMENTATIONS = YES;
				CLANG_WARN_DIRECT_OBJC_ISA_USAGE = YES_ERROR;
				CLANG_WARN_DOCUMENTATION_COMMENTS = YES;
				CLANG_WARN_EMPTY_BODY = YES;
				CLANG_WARN_ENUM_CONVERSION = YES;
				CLANG_WARN_INFINITE_RECURSION = YES;
				CLANG_WARN_INT_CONVERSION = YES;
				CLANG_WARN_NON_LITERAL_NULL_CONVERSION = YES;
				CLANG_WARN_OBJC_IMPLICIT_RETAIN_SELF = YES;
				CLANG_WARN_OBJC_LITERAL_CONVERSION = YES;
				CLANG_WARN_OBJC_ROOT_CLASS = YES_ERROR;
				CLANG_WARN_QUOTED_INCLUDE_IN_FRAMEWORK_HEADER = YES;
				CLANG_WARN_RANGE_LOOP_ANALYSIS = YES;
				CLANG_WARN_STRICT_PROTOTYPES = YES;
				CLANG_WARN_SUSPICIOUS_MOVE = YES;
				CLANG_WARN_UNGUARDED_AVAILABILITY = YES_AGGRESSIVE;
				CLANG_WARN_UNREACHABLE_CODE = YES;
				CLANG_WARN__DUPLICATE_METHOD_MATCH = YES;
				COPY_PHASE_STRIP = NO;
				DEBUG_INFORMATION_FORMAT = "dwarf-with-dsym";
				ENABLE_NS_ASSERTIONS = NO;
				ENABLE_STRICT_OBJC_MSGSEND = YES;
				GCC_C_LANGUAGE_STANDARD = gnu11;
				GCC_NO_COMMON_BLOCKS = YES;
				GCC_WARN_64_TO_32_BIT_CONVERSION = YES;
				GCC_WARN_ABOUT_RETURN_TYPE = YES_ERROR;
				GCC_WARN_UNDECLARED_SELECTOR = YES;
				GCC_WARN_UNINITIALIZED_AUTOS = YES_AGGRESSIVE;
				GCC_WARN_UNUSED_FUNCTION = YES;
				GCC_WARN_UNUSED_VARIABLE = YES;
				IPHONEOS_DEPLOYMENT_TARGET = 14.5;
				MTL_ENABLE_DEBUG_INFO = NO;
				MTL_FAST_MATH = YES;
				SDKROOT = iphoneos;
				SWIFT_COMPILATION_MODE = wholemodule;
				SWIFT_OPTIMIZATION_LEVEL = "-O";
				VALIDATE_PRODUCT = YES;
			};
			name = Release;
		};
		E5F552F12693483C004149BF /* Debug */ = {
			isa = XCBuildConfiguration;
			buildSettings = {
				ASSETCATALOG_COMPILER_APPICON_NAME = AppIcon;
				ASSETCATALOG_COMPILER_GLOBAL_ACCENT_COLOR_NAME = AccentColor;
				CODE_SIGN_STYLE = Automatic;
				DEVELOPMENT_ASSET_PATHS = "\"ChatApp/Preview Content\"";
				ENABLE_PREVIEWS = YES;
				INFOPLIST_FILE = ChatApp/Info.plist;
				IPHONEOS_DEPLOYMENT_TARGET = 14.0;
				LD_RUNPATH_SEARCH_PATHS = (
					"$(inherited)",
					"@executable_path/Frameworks",
				);
				PRODUCT_BUNDLE_IDENTIFIER = pham.ChatApp;
				PRODUCT_NAME = "$(TARGET_NAME)";
				SWIFT_VERSION = 5.0;
				TARGETED_DEVICE_FAMILY = "1,2";
			};
			name = Debug;
		};
		E5F552F22693483C004149BF /* Release */ = {
			isa = XCBuildConfiguration;
			buildSettings = {
				ASSETCATALOG_COMPILER_APPICON_NAME = AppIcon;
				ASSETCATALOG_COMPILER_GLOBAL_ACCENT_COLOR_NAME = AccentColor;
				CODE_SIGN_STYLE = Automatic;
				DEVELOPMENT_ASSET_PATHS = "\"ChatApp/Preview Content\"";
				ENABLE_PREVIEWS = YES;
				INFOPLIST_FILE = ChatApp/Info.plist;
				IPHONEOS_DEPLOYMENT_TARGET = 14.0;
				LD_RUNPATH_SEARCH_PATHS = (
					"$(inherited)",
					"@executable_path/Frameworks",
				);
				PRODUCT_BUNDLE_IDENTIFIER = pham.ChatApp;
				PRODUCT_NAME = "$(TARGET_NAME)";
				SWIFT_VERSION = 5.0;
				TARGETED_DEVICE_FAMILY = "1,2";
			};
			name = Release;
		};
		E5F552F42693483C004149BF /* Debug */ = {
			isa = XCBuildConfiguration;
			buildSettings = {
				ALWAYS_EMBED_SWIFT_STANDARD_LIBRARIES = YES;
				BUNDLE_LOADER = "$(TEST_HOST)";
				CODE_SIGN_STYLE = Automatic;
				INFOPLIST_FILE = ChatAppTests/Info.plist;
				IPHONEOS_DEPLOYMENT_TARGET = 14.0;
				LD_RUNPATH_SEARCH_PATHS = (
					"$(inherited)",
					"@executable_path/Frameworks",
					"@loader_path/Frameworks",
				);
				PRODUCT_BUNDLE_IDENTIFIER = pham.ChatAppTests;
				PRODUCT_NAME = "$(TARGET_NAME)";
				SWIFT_VERSION = 5.0;
				TARGETED_DEVICE_FAMILY = "1,2";
				TEST_HOST = "$(BUILT_PRODUCTS_DIR)/ChatApp.app/ChatApp";
			};
			name = Debug;
		};
		E5F552F52693483C004149BF /* Release */ = {
			isa = XCBuildConfiguration;
			buildSettings = {
				ALWAYS_EMBED_SWIFT_STANDARD_LIBRARIES = YES;
				BUNDLE_LOADER = "$(TEST_HOST)";
				CODE_SIGN_STYLE = Automatic;
				INFOPLIST_FILE = ChatAppTests/Info.plist;
				IPHONEOS_DEPLOYMENT_TARGET = 14.0;
				LD_RUNPATH_SEARCH_PATHS = (
					"$(inherited)",
					"@executable_path/Frameworks",
					"@loader_path/Frameworks",
				);
				PRODUCT_BUNDLE_IDENTIFIER = pham.ChatAppTests;
				PRODUCT_NAME = "$(TARGET_NAME)";
				SWIFT_VERSION = 5.0;
				TARGETED_DEVICE_FAMILY = "1,2";
				TEST_HOST = "$(BUILT_PRODUCTS_DIR)/ChatApp.app/ChatApp";
			};
			name = Release;
		};
		E5F552F72693483C004149BF /* Debug */ = {
			isa = XCBuildConfiguration;
			buildSettings = {
				ALWAYS_EMBED_SWIFT_STANDARD_LIBRARIES = YES;
				CODE_SIGN_STYLE = Automatic;
				INFOPLIST_FILE = ChatAppUITests/Info.plist;
				LD_RUNPATH_SEARCH_PATHS = (
					"$(inherited)",
					"@executable_path/Frameworks",
					"@loader_path/Frameworks",
				);
				PRODUCT_BUNDLE_IDENTIFIER = pham.ChatAppUITests;
				PRODUCT_NAME = "$(TARGET_NAME)";
				SWIFT_VERSION = 5.0;
				TARGETED_DEVICE_FAMILY = "1,2";
				TEST_TARGET_NAME = ChatApp;
			};
			name = Debug;
		};
		E5F552F82693483C004149BF /* Release */ = {
			isa = XCBuildConfiguration;
			buildSettings = {
				ALWAYS_EMBED_SWIFT_STANDARD_LIBRARIES = YES;
				CODE_SIGN_STYLE = Automatic;
				INFOPLIST_FILE = ChatAppUITests/Info.plist;
				LD_RUNPATH_SEARCH_PATHS = (
					"$(inherited)",
					"@executable_path/Frameworks",
					"@loader_path/Frameworks",
				);
				PRODUCT_BUNDLE_IDENTIFIER = pham.ChatAppUITests;
				PRODUCT_NAME = "$(TARGET_NAME)";
				SWIFT_VERSION = 5.0;
				TARGETED_DEVICE_FAMILY = "1,2";
				TEST_TARGET_NAME = ChatApp;
			};
			name = Release;
		};
/* End XCBuildConfiguration section */

/* Begin XCConfigurationList section */
		E5F552C62693483B004149BF /* Build configuration list for PBXProject "ChatApp" */ = {
			isa = XCConfigurationList;
			buildConfigurations = (
				E5F552EE2693483C004149BF /* Debug */,
				E5F552EF2693483C004149BF /* Release */,
			);
			defaultConfigurationIsVisible = 0;
			defaultConfigurationName = Release;
		};
		E5F552F02693483C004149BF /* Build configuration list for PBXNativeTarget "ChatApp" */ = {
			isa = XCConfigurationList;
			buildConfigurations = (
				E5F552F12693483C004149BF /* Debug */,
				E5F552F22693483C004149BF /* Release */,
			);
			defaultConfigurationIsVisible = 0;
			defaultConfigurationName = Release;
		};
		E5F552F32693483C004149BF /* Build configuration list for PBXNativeTarget "ChatAppTests" */ = {
			isa = XCConfigurationList;
			buildConfigurations = (
				E5F552F42693483C004149BF /* Debug */,
				E5F552F52693483C004149BF /* Release */,
			);
			defaultConfigurationIsVisible = 0;
			defaultConfigurationName = Release;
		};
		E5F552F62693483C004149BF /* Build configuration list for PBXNativeTarget "ChatAppUITests" */ = {
			isa = XCConfigurationList;
			buildConfigurations = (
				E5F552F72693483C004149BF /* Debug */,
				E5F552F82693483C004149BF /* Release */,
			);
			defaultConfigurationIsVisible = 0;
			defaultConfigurationName = Release;
		};
/* End XCConfigurationList section */
	};
	rootObject = E5F552C32693483B004149BF /* Project object */;
}
